
Microsoft Visual Studio Solution File, Format Version 12.00
# Visual Studio Version 17
VisualStudioVersion = 17.0.32126.317
MinimumVisualStudioVersion = 10.0.40219.1
Project("{FAE04EC0-301F-11D3-BF4B-00C04F79EFBC}") = "ENTITIES", "ENTITIES\ENTITIES.csproj", "{BD1C135D-4DEB-414C-9367-F8262AA965DA}"
EndProject
Project("{FAE04EC0-301F-11D3-BF4B-00C04F79EFBC}") = "DATAACCESS", "DATAACCESS\DATAACCESS.csproj", "{FF022F34-9EF0-44CD-B06A-2AC84DFA818A}"
EndProject
Project("{FAE04EC0-301F-11D3-BF4B-00C04F79EFBC}") = "SQLCommandsForDapper", "SQLCommandsForDapper\SQLCommandsForDapper.csproj", "{F9102F45-6F05-45DB-B1E8-71D72F58130B}"
EndProject
Project("{FAE04EC0-301F-11D3-BF4B-00C04F79EFBC}") = "API", "API\API.csproj", "{1B13BD71-DD77-406F-A6FE-86A34BD94989}"
EndProject
Project("{FAE04EC0-301F-11D3-BF4B-00C04F79EFBC}") = "UI", "UI\UI.csproj", "{B0A26809-21FF-44FC-B2CF-2B33A4484F5D}"
EndProject
Global
	GlobalSection(SolutionConfigurationPlatforms) = preSolution
		Debug|Any CPU = Debug|Any CPU
		Release|Any CPU = Release|Any CPU
	EndGlobalSection
	GlobalSection(ProjectConfigurationPlatforms) = postSolution
		{BD1C135D-4DEB-414C-9367-F8262AA965DA}.Debug|Any CPU.ActiveCfg = Debug|Any CPU
		{BD1C135D-4DEB-414C-9367-F8262AA965DA}.Debug|Any CPU.Build.0 = Debug|Any CPU
		{BD1C135D-4DEB-414C-9367-F8262AA965DA}.Release|Any CPU.ActiveCfg = Release|Any CPU
		{BD1C135D-4DEB-414C-9367-F8262AA965DA}.Release|Any CPU.Build.0 = Release|Any CPU
		{FF022F34-9EF0-44CD-B06A-2AC84DFA818A}.Debug|Any CPU.ActiveCfg = Debug|Any CPU
		{FF022F34-9EF0-44CD-B06A-2AC84DFA818A}.Debug|Any CPU.Build.0 = Debug|Any CPU
		{FF022F34-9EF0-44CD-B06A-2AC84DFA818A}.Release|Any CPU.ActiveCfg = Release|Any CPU
		{FF022F34-9EF0-44CD-B06A-2AC84DFA818A}.Release|Any CPU.Build.0 = Release|Any CPU
		{F9102F45-6F05-45DB-B1E8-71D72F58130B}.Debug|Any CPU.ActiveCfg = Debug|Any CPU
		{F9102F45-6F05-45DB-B1E8-71D72F58130B}.Debug|Any CPU.Build.0 = Debug|Any CPU
		{F9102F45-6F05-45DB-B1E8-71D72F58130B}.Release|Any CPU.ActiveCfg = Release|Any CPU
		{F9102F45-6F05-45DB-B1E8-71D72F58130B}.Release|Any CPU.Build.0 = Release|Any CPU
		{1B13BD71-DD77-406F-A6FE-86A34BD94989}.Debug|Any CPU.ActiveCfg = Debug|Any CPU
		{1B13BD71-DD77-406F-A6FE-86A34BD94989}.Debug|Any CPU.Build.0 = Debug|Any CPU
		{1B13BD71-DD77-406F-A6FE-86A34BD94989}.Release|Any CPU.ActiveCfg = Release|Any CPU
		{1B13BD71-DD77-406F-A6FE-86A34BD94989}.Release|Any CPU.Build.0 = Release|Any CPU
		{B0A26809-21FF-44FC-B2CF-2B33A4484F5D}.Debug|Any CPU.ActiveCfg = Debug|Any CPU
		{B0A26809-21FF-44FC-B2CF-2B33A4484F5D}.Debug|Any CPU.Build.0 = Debug|Any CPU
		{B0A26809-21FF-44FC-B2CF-2B33A4484F5D}.Release|Any CPU.ActiveCfg = Release|Any CPU
		{B0A26809-21FF-44FC-B2CF-2B33A4484F5D}.Release|Any CPU.Build.0 = Release|Any CPU
	EndGlobalSection
	GlobalSection(SolutionProperties) = preSolution
		HideSolutionNode = FALSE
	EndGlobalSection
	GlobalSection(ExtensibilityGlobals) = postSolution
		SolutionGuid = {E3D7ABBD-1C75-4648-B58E-A518AA4B466E}
	EndGlobalSection
EndGlobal
